// !$*UTF8*$!
{
	archiveVersion = 1;
	classes = {
	};
	objectVersion = 56;
	objects = {

/* Begin PBXBuildFile section */
		A221FDE82B3A7832007B03E0 /* AppDelegate.swift in Sources */ = {isa = PBXBuildFile; fileRef = A221FDE72B3A7832007B03E0 /* AppDelegate.swift */; };
		A221FDEC2B3A7832007B03E0 /* ViewController.swift in Sources */ = {isa = PBXBuildFile; fileRef = A221FDEB2B3A7832007B03E0 /* ViewController.swift */; };
		A221FDEF2B3A7832007B03E0 /* Main.storyboard in Resources */ = {isa = PBXBuildFile; fileRef = A221FDED2B3A7832007B03E0 /* Main.storyboard */; };
		A221FDF12B3A7834007B03E0 /* Assets.xcassets in Resources */ = {isa = PBXBuildFile; fileRef = A221FDF02B3A7834007B03E0 /* Assets.xcassets */; };
		A221FDF42B3A7834007B03E0 /* LaunchScreen.storyboard in Resources */ = {isa = PBXBuildFile; fileRef = A221FDF22B3A7834007B03E0 /* LaunchScreen.storyboard */; };
		A2C583CB2B3AB46F00F5061E /* UITextField+Extensions.swift in Sources */ = {isa = PBXBuildFile; fileRef = A2C583CA2B3AB46F00F5061E /* UITextField+Extensions.swift */; };
		A2C583CD2B3AD82600F5061E /* KeychainFacade.swift in Sources */ = {isa = PBXBuildFile; fileRef = A2C583CC2B3AD82600F5061E /* KeychainFacade.swift */; };
/* End PBXBuildFile section */

/* Begin PBXFileReference section */
		A221FDE42B3A7832007B03E0 /* iOSAppSecurityIntroduction.app */ = {isa = PBXFileReference; explicitFileType = wrapper.application; includeInIndex = 0; path = iOSAppSecurityIntroduction.app; sourceTree = BUILT_PRODUCTS_DIR; };
		A221FDE72B3A7832007B03E0 /* AppDelegate.swift */ = {isa = PBXFileReference; lastKnownFileType = sourcecode.swift; path = AppDelegate.swift; sourceTree = "<group>"; };
		A221FDEB2B3A7832007B03E0 /* ViewController.swift */ = {isa = PBXFileReference; lastKnownFileType = sourcecode.swift; path = ViewController.swift; sourceTree = "<group>"; };
		A221FDEE2B3A7832007B03E0 /* Base */ = {isa = PBXFileReference; lastKnownFileType = file.storyboard; name = Base; path = Base.lproj/Main.storyboard; sourceTree = "<group>"; };
		A221FDF02B3A7834007B03E0 /* Assets.xcassets */ = {isa = PBXFileReference; lastKnownFileType = folder.assetcatalog; path = Assets.xcassets; sourceTree = "<group>"; };
		A221FDF32B3A7834007B03E0 /* Base */ = {isa = PBXFileReference; lastKnownFileType = file.storyboard; name = Base; path = Base.lproj/LaunchScreen.storyboard; sourceTree = "<group>"; };
		A221FDF52B3A7834007B03E0 /* Info.plist */ = {isa = PBXFileReference; lastKnownFileType = text.plist.xml; path = Info.plist; sourceTree = "<group>"; };
		A221FDFB2B3A7E5F007B03E0 /* iOSAppSecurityIntroduction.entitlements */ = {isa = PBXFileReference; lastKnownFileType = text.plist.entitlements; path = iOSAppSecurityIntroduction.entitlements; sourceTree = "<group>"; };
		A2C583CA2B3AB46F00F5061E /* UITextField+Extensions.swift */ = {isa = PBXFileReference; lastKnownFileType = sourcecode.swift; path = "UITextField+Extensions.swift"; sourceTree = "<group>"; };
		A2C583CC2B3AD82600F5061E /* KeychainFacade.swift */ = {isa = PBXFileReference; lastKnownFileType = sourcecode.swift; path = KeychainFacade.swift; sourceTree = "<group>"; };
/* End PBXFileReference section */

/* Begin PBXFrameworksBuildPhase section */
		A221FDE12B3A7832007B03E0 /* Frameworks */ = {
			isa = PBXFrameworksBuildPhase;
			buildActionMask = 2147483647;
			files = (
			);
			runOnlyForDeploymentPostprocessing = 0;
		};
/* End PBXFrameworksBuildPhase section */

/* Begin PBXGroup section */
		A221FDDB2B3A7832007B03E0 = {
			isa = PBXGroup;
			children = (
				A221FDE62B3A7832007B03E0 /* iOSAppSecurityIntroduction */,
				A221FDE52B3A7832007B03E0 /* Products */,
			);
			sourceTree = "<group>";
		};
		A221FDE52B3A7832007B03E0 /* Products */ = {
			isa = PBXGroup;
			children = (
				A221FDE42B3A7832007B03E0 /* iOSAppSecurityIntroduction.app */,
			);
			name = Products;
			sourceTree = "<group>";
		};
		A221FDE62B3A7832007B03E0 /* iOSAppSecurityIntroduction */ = {
			isa = PBXGroup;
			children = (
				A221FDFB2B3A7E5F007B03E0 /* iOSAppSecurityIntroduction.entitlements */,
				A221FDE72B3A7832007B03E0 /* AppDelegate.swift */,
				A221FDEB2B3A7832007B03E0 /* ViewController.swift */,
				A2C583CA2B3AB46F00F5061E /* UITextField+Extensions.swift */,
				A221FDED2B3A7832007B03E0 /* Main.storyboard */,
				A221FDF02B3A7834007B03E0 /* Assets.xcassets */,
				A221FDF22B3A7834007B03E0 /* LaunchScreen.storyboard */,
				A221FDF52B3A7834007B03E0 /* Info.plist */,
				A2C583CC2B3AD82600F5061E /* KeychainFacade.swift */,
			);
			path = iOSAppSecurityIntroduction;
			sourceTree = "<group>";
		};
/* End PBXGroup section */

/* Begin PBXNativeTarget section */
		A221FDE32B3A7832007B03E0 /* iOSAppSecurityIntroduction */ = {
			isa = PBXNativeTarget;
			buildConfigurationList = A221FDF82B3A7834007B03E0 /* Build configuration list for PBXNativeTarget "iOSAppSecurityIntroduction" */;
			buildPhases = (
				A221FDE02B3A7832007B03E0 /* Sources */,
				A221FDE12B3A7832007B03E0 /* Frameworks */,
				A221FDE22B3A7832007B03E0 /* Resources */,
			);
			buildRules = (
			);
			dependencies = (
			);
			name = iOSAppSecurityIntroduction;
			productName = iOSAppSecurityIntroduction;
			productReference = A221FDE42B3A7832007B03E0 /* iOSAppSecurityIntroduction.app */;
			productType = "com.apple.product-type.application";
		};
/* End PBXNativeTarget section */

/* Begin PBXProject section */
		A221FDDC2B3A7832007B03E0 /* Project object */ = {
			isa = PBXProject;
			attributes = {
				BuildIndependentTargetsInParallel = 1;
				LastSwiftUpdateCheck = 1500;
				LastUpgradeCheck = 1500;
				TargetAttributes = {
					A221FDE32B3A7832007B03E0 = {
						CreatedOnToolsVersion = 15.0;
					};
				};
			};
			buildConfigurationList = A221FDDF2B3A7832007B03E0 /* Build configuration list for PBXProject "iOSAppSecurityIntroduction" */;
			compatibilityVersion = "Xcode 14.0";
			developmentRegion = en;
			hasScannedForEncodings = 0;
			knownRegions = (
				en,
				Base,
			);
			mainGroup = A221FDDB2B3A7832007B03E0;
			productRefGroup = A221FDE52B3A7832007B03E0 /* Products */;
			projectDirPath = "";
			projectRoot = "";
			targets = (
				A221FDE32B3A7832007B03E0 /* iOSAppSecurityIntroduction */,
			);
		};
/* End PBXProject section */

/* Begin PBXResourcesBuildPhase section */
		A221FDE22B3A7832007B03E0 /* Resources */ = {
			isa = PBXResourcesBuildPhase;
			buildActionMask = 2147483647;
			files = (
				A221FDF42B3A7834007B03E0 /* LaunchScreen.storyboard in Resources */,
				A221FDF12B3A7834007B03E0 /* Assets.xcassets in Resources */,
				A221FDEF2B3A7832007B03E0 /* Main.storyboard in Resources */,
			);
			runOnlyForDeploymentPostprocessing = 0;
		};
/* End PBXResourcesBuildPhase section */

/* Begin PBXSourcesBuildPhase section */
		A221FDE02B3A7832007B03E0 /* Sources */ = {
			isa = PBXSourcesBuildPhase;
			buildActionMask = 2147483647;
			files = (
				A221FDEC2B3A7832007B03E0 /* ViewController.swift in Sources */,
				A2C583CB2B3AB46F00F5061E /* UITextField+Extensions.swift in Sources */,
				A221FDE82B3A7832007B03E0 /* AppDelegate.swift in Sources */,
				A2C583CD2B3AD82600F5061E /* KeychainFacade.swift in Sources */,
			);
			runOnlyForDeploymentPostprocessing = 0;
		};
/* End PBXSourcesBuildPhase section */

/* Begin PBXVariantGroup section */
		A221FDED2B3A7832007B03E0 /* Main.storyboard */ = {
			isa = PBXVariantGroup;
			children = (
				A221FDEE2B3A7832007B03E0 /* Base */,
			);
			name = Main.storyboard;
			sourceTree = "<group>";
		};
		A221FDF22B3A7834007B03E0 /* LaunchScreen.storyboard */ = {
			isa = PBXVariantGroup;
			children = (
				A221FDF32B3A7834007B03E0 /* Base */,
			);
			name = LaunchScreen.storyboard;
			sourceTree = "<group>";
		};
/* End PBXVariantGroup section */

/* Begin XCBuildConfiguration section */
		A221FDF62B3A7834007B03E0 /* Debug */ = {
			isa = XCBuildConfiguration;
			buildSettings = {
				ALWAYS_SEARCH_USER_PATHS = NO;
				ASSETCATALOG_COMPILER_GENERATE_SWIFT_ASSET_SYMBOL_EXTENSIONS = YES;
				CLANG_ANALYZER_NONNULL = YES;
				CLANG_ANALYZER_NUMBER_OBJECT_CONVERSION = YES_AGGRESSIVE;
				CLANG_CXX_LANGUAGE_STANDARD = "gnu++20";
				CLANG_ENABLE_MODULES = YES;
				CLANG_ENABLE_OBJC_ARC = YES;
				CLANG_ENABLE_OBJC_WEAK = YES;
				CLANG_WARN_BLOCK_CAPTURE_AUTORELEASING = YES;
				CLANG_WARN_BOOL_CONVERSION = YES;
				CLANG_WARN_COMMA = YES;
				CLANG_WARN_CONSTANT_CONVERSION = YES;
				CLANG_WARN_DEPRECATED_OBJC_IMPLEMENTATIONS = YES;
				CLANG_WARN_DIRECT_OBJC_ISA_USAGE = YES_ERROR;
				CLANG_WARN_DOCUMENTATION_COMMENTS = YES;
				CLANG_WARN_EMPTY_BODY = YES;
				CLANG_WARN_ENUM_CONVERSION = YES;
				CLANG_WARN_INFINITE_RECURSION = YES;
				CLANG_WARN_INT_CONVERSION = YES;
				CLANG_WARN_NON_LITERAL_NULL_CONVERSION = YES;
				CLANG_WARN_OBJC_IMPLICIT_RETAIN_SELF = YES;
				CLANG_WARN_OBJC_LITERAL_CONVERSION = YES;
				CLANG_WARN_OBJC_ROOT_CLASS = YES_ERROR;
				CLANG_WARN_QUOTED_INCLUDE_IN_FRAMEWORK_HEADER = YES;
				CLANG_WARN_RANGE_LOOP_ANALYSIS = YES;
				CLANG_WARN_STRICT_PROTOTYPES = YES;
				CLANG_WARN_SUSPICIOUS_MOVE = YES;
				CLANG_WARN_UNGUARDED_AVAILABILITY = YES_AGGRESSIVE;
				CLANG_WARN_UNREACHABLE_CODE = YES;
				CLANG_WARN__DUPLICATE_METHOD_MATCH = YES;
				COPY_PHASE_STRIP = NO;
				DEBUG_INFORMATION_FORMAT = dwarf;
				ENABLE_STRICT_OBJC_MSGSEND = YES;
				ENABLE_TESTABILITY = YES;
				ENABLE_USER_SCRIPT_SANDBOXING = YES;
				GCC_C_LANGUAGE_STANDARD = gnu17;
				GCC_DYNAMIC_NO_PIC = NO;
				GCC_NO_COMMON_BLOCKS = YES;
				GCC_OPTIMIZATION_LEVEL = 0;
				GCC_PREPROCESSOR_DEFINITIONS = (
					"DEBUG=1",
					"$(inherited)",
				);
				GCC_WARN_64_TO_32_BIT_CONVERSION = YES;
				GCC_WARN_ABOUT_RETURN_TYPE = YES_ERROR;
				GCC_WARN_UNDECLARED_SELECTOR = YES;
				GCC_WARN_UNINITIALIZED_AUTOS = YES_AGGRESSIVE;
				GCC_WARN_UNUSED_FUNCTION = YES;
				GCC_WARN_UNUSED_VARIABLE = YES;
				IPHONEOS_DEPLOYMENT_TARGET = 17.0;
				LOCALIZATION_PREFERS_STRING_CATALOGS = YES;
				MTL_ENABLE_DEBUG_INFO = INCLUDE_SOURCE;
				MTL_FAST_MATH = YES;
				ONLY_ACTIVE_ARCH = YES;
				SDKROOT = iphoneos;
				SWIFT_ACTIVE_COMPILATION_CONDITIONS = "DEBUG $(inherited)";
				SWIFT_OPTIMIZATION_LEVEL = "-Onone";
			};
			name = Debug;
		};
		A221FDF72B3A7834007B03E0 /* Release */ = {
			isa = XCBuildConfiguration;
			buildSettings = {
				ALWAYS_SEARCH_USER_PATHS = NO;
				ASSETCATALOG_COMPILER_GENERATE_SWIFT_ASSET_SYMBOL_EXTENSIONS = YES;
				CLANG_ANALYZER_NONNULL = YES;
				CLANG_ANALYZER_NUMBER_OBJECT_CONVERSION = YES_AGGRESSIVE;
				CLANG_CXX_LANGUAGE_STANDARD = "gnu++20";
				CLANG_ENABLE_MODULES = YES;
				CLANG_ENABLE_OBJC_ARC = YES;
				CLANG_ENABLE_OBJC_WEAK = YES;
				CLANG_WARN_BLOCK_CAPTURE_AUTORELEASING = YES;
				CLANG_WARN_BOOL_CONVERSION = YES;
				CLANG_WARN_COMMA = YES;
				CLANG_WARN_CONSTANT_CONVERSION = YES;
				CLANG_WARN_DEPRECATED_OBJC_IMPLEMENTATIONS = YES;
				CLANG_WARN_DIRECT_OBJC_ISA_USAGE = YES_ERROR;
				CLANG_WARN_DOCUMENTATION_COMMENTS = YES;
				CLANG_WARN_EMPTY_BODY = YES;
				CLANG_WARN_ENUM_CONVERSION = YES;
				CLANG_WARN_INFINITE_RECURSION = YES;
				CLANG_WARN_INT_CONVERSION = YES;
				CLANG_WARN_NON_LITERAL_NULL_CONVERSION = YES;
				CLANG_WARN_OBJC_IMPLICIT_RETAIN_SELF = YES;
				CLANG_WARN_OBJC_LITERAL_CONVERSION = YES;
				CLANG_WARN_OBJC_ROOT_CLASS = YES_ERROR;
				CLANG_WARN_QUOTED_INCLUDE_IN_FRAMEWORK_HEADER = YES;
				CLANG_WARN_RANGE_LOOP_ANALYSIS = YES;
				CLANG_WARN_STRICT_PROTOTYPES = YES;
				CLANG_WARN_SUSPICIOUS_MOVE = YES;
				CLANG_WARN_UNGUARDED_AVAILABILITY = YES_AGGRESSIVE;
				CLANG_WARN_UNREACHABLE_CODE = YES;
				CLANG_WARN__DUPLICATE_METHOD_MATCH = YES;
				COPY_PHASE_STRIP = NO;
				DEBUG_INFORMATION_FORMAT = "dwarf-with-dsym";
				ENABLE_NS_ASSERTIONS = NO;
				ENABLE_STRICT_OBJC_MSGSEND = YES;
				ENABLE_USER_SCRIPT_SANDBOXING = YES;
				GCC_C_LANGUAGE_STANDARD = gnu17;
				GCC_NO_COMMON_BLOCKS = YES;
				GCC_WARN_64_TO_32_BIT_CONVERSION = YES;
				GCC_WARN_ABOUT_RETURN_TYPE = YES_ERROR;
				GCC_WARN_UNDECLARED_SELECTOR = YES;
				GCC_WARN_UNINITIALIZED_AUTOS = YES_AGGRESSIVE;
				GCC_WARN_UNUSED_FUNCTION = YES;
				GCC_WARN_UNUSED_VARIABLE = YES;
				IPHONEOS_DEPLOYMENT_TARGET = 17.0;
				LOCALIZATION_PREFERS_STRING_CATALOGS = YES;
				MTL_ENABLE_DEBUG_INFO = NO;
				MTL_FAST_MATH = YES;
				SDKROOT = iphoneos;
				SWIFT_COMPILATION_MODE = wholemodule;
				VALIDATE_PRODUCT = YES;
			};
			name = Release;
		};
		A221FDF92B3A7834007B03E0 /* Debug */ = {
			isa = XCBuildConfiguration;
			buildSettings = {
				ASSETCATALOG_COMPILER_APPICON_NAME = AppIcon;
				ASSETCATALOG_COMPILER_GLOBAL_ACCENT_COLOR_NAME = AccentColor;
				CODE_SIGN_ENTITLEMENTS = iOSAppSecurityIntroduction/iOSAppSecurityIntroduction.entitlements;
				CODE_SIGN_STYLE = Automatic;
				CURRENT_PROJECT_VERSION = 1;
				DEVELOPMENT_TEAM = 95XVN448CF;
				GENERATE_INFOPLIST_FILE = YES;
				INFOPLIST_FILE = iOSAppSecurityIntroduction/Info.plist;
				INFOPLIST_KEY_NSFaceIDUsageDescription = "The app needs to open by faceID";
				INFOPLIST_KEY_NSHealthShareUsageDescription = "The app needs to access step count data to display statistics.";
				INFOPLIST_KEY_UIApplicationSupportsIndirectInputEvents = YES;
				INFOPLIST_KEY_UILaunchStoryboardName = LaunchScreen.storyboard;
				INFOPLIST_KEY_UIMainStoryboardFile = Main;
				INFOPLIST_KEY_UISupportedInterfaceOrientations_iPad = "UIInterfaceOrientationPortrait UIInterfaceOrientationPortraitUpsideDown UIInterfaceOrientationLandscapeLeft UIInterfaceOrientationLandscapeRight";
				INFOPLIST_KEY_UISupportedInterfaceOrientations_iPhone = "UIInterfaceOrientationPortrait UIInterfaceOrientationLandscapeLeft UIInterfaceOrientationLandscapeRight";
				IPHONEOS_DEPLOYMENT_TARGET = 16.0;
				LD_RUNPATH_SEARCH_PATHS = (
					"$(inherited)",
					"@executable_path/Frameworks",
				);
				MARKETING_VERSION = 1.0;
				PRODUCT_BUNDLE_IDENTIFIER = com.thiencodev.iOSAppSecurityIntroduction;
				PRODUCT_NAME = "$(TARGET_NAME)";
				SWIFT_EMIT_LOC_STRINGS = YES;
				SWIFT_VERSION = 5.0;
				TARGETED_DEVICE_FAMILY = "1,2";
			};
			name = Debug;
		};
		A221FDFA2B3A7834007B03E0 /* Release */ = {
			isa = XCBuildConfiguration;
			buildSettings = {
				ASSETCATALOG_COMPILER_APPICON_NAME = AppIcon;
				ASSETCATALOG_COMPILER_GLOBAL_ACCENT_COLOR_NAME = AccentColor;
				CODE_SIGN_ENTITLEMENTS = iOSAppSecurityIntroduction/iOSAppSecurityIntroduction.entitlements;
				CODE_SIGN_STYLE = Automatic;
				CURRENT_PROJECT_VERSION = 1;
				DEVELOPMENT_TEAM = 95XVN448CF;
				GENERATE_INFOPLIST_FILE = YES;
				INFOPLIST_FILE = iOSAppSecurityIntroduction/Info.plist;
				INFOPLIST_KEY_NSFaceIDUsageDescription = "The app needs to open by faceID";
				INFOPLIST_KEY_NSHealthShareUsageDescription = "The app needs to access step count data to display statistics.";
				INFOPLIST_KEY_UIApplicationSupportsIndirectInputEvents = YES;
				INFOPLIST_KEY_UILaunchStoryboardName = LaunchScreen.storyboard;
				INFOPLIST_KEY_UIMainStoryboardFile = Main;
				INFOPLIST_KEY_UISupportedInterfaceOrientations_iPad = "UIInterfaceOrientationPortrait UIInterfaceOrientationPortraitUpsideDown UIInterfaceOrientationLandscapeLeft UIInterfaceOrientationLandscapeRight";
				INFOPLIST_KEY_UISupportedInterfaceOrientations_iPhone = "UIInterfaceOrientationPortrait UIInterfaceOrientationLandscapeLeft UIInterfaceOrientationLandscapeRight";
				IPHONEOS_DEPLOYMENT_TARGET = 16.0;
				LD_RUNPATH_SEARCH_PATHS = (
					"$(inherited)",
					"@executable_path/Frameworks",
				);
				MARKETING_VERSION = 1.0;
				PRODUCT_BUNDLE_IDENTIFIER = com.thiencodev.iOSAppSecurityIntroduction;
				PRODUCT_NAME = "$(TARGET_NAME)";
				SWIFT_EMIT_LOC_STRINGS = YES;
				SWIFT_VERSION = 5.0;
				TARGETED_DEVICE_FAMILY = "1,2";
			};
			name = Release;
		};
/* End XCBuildConfiguration section */

/* Begin XCConfigurationList section */
		A221FDDF2B3A7832007B03E0 /* Build configuration list for PBXProject "iOSAppSecurityIntroduction" */ = {
			isa = XCConfigurationList;
			buildConfigurations = (
				A221FDF62B3A7834007B03E0 /* Debug */,
				A221FDF72B3A7834007B03E0 /* Release */,
			);
			defaultConfigurationIsVisible = 0;
			defaultConfigurationName = Release;
		};
		A221FDF82B3A7834007B03E0 /* Build configuration list for PBXNativeTarget "iOSAppSecurityIntroduction" */ = {
			isa = XCConfigurationList;
			buildConfigurations = (
				A221FDF92B3A7834007B03E0 /* Debug */,
				A221FDFA2B3A7834007B03E0 /* Release */,
			);
			defaultConfigurationIsVisible = 0;
			defaultConfigurationName = Release;
		};
/* End XCConfigurationList section */
	};
	rootObject = A221FDDC2B3A7832007B03E0 /* Project object */;
}
